
Microsoft Visual Studio Solution File, Format Version 12.00
# Visual Studio Version 16
VisualStudioVersion = 16.0.31729.503
MinimumVisualStudioVersion = 10.0.40219.1
Project("{FAE04EC0-301F-11D3-BF4B-00C04F79EFBC}") = "RotateImageApp", "RotateImageApp\RotateImageApp.csproj", "{88AFF2F3-F0A0-4A53-BF1C-07048682614D}"
EndProject
Global
	GlobalSection(SolutionConfigurationPlatforms) = preSolution
		Debug|Any CPU = Debug|Any CPU
		Release|Any CPU = Release|Any CPU
	EndGlobalSection
	GlobalSection(ProjectConfigurationPlatforms) = postSolution
		{88AFF2F3-F0A0-4A53-BF1C-07048682614D}.Debug|Any CPU.ActiveCfg = Debug|Any CPU
		{88AFF2F3-F0A0-4A53-BF1C-07048682614D}.Debug|Any CPU.Build.0 = Debug|Any CPU
		{88AFF2F3-F0A0-4A53-BF1C-07048682614D}.Release|Any CPU.ActiveCfg = Release|Any CPU
		{88AFF2F3-F0A0-4A53-BF1C-07048682614D}.Release|Any CPU.Build.0 = Release|Any CPU
	EndGlobalSection
	GlobalSection(SolutionProperties) = preSolution
		HideSolutionNode = FALSE
	EndGlobalSection
	GlobalSection(ExtensibilityGlobals) = postSolution
		SolutionGuid = {EEB59980-0C3C-4CFC-BAFC-4DAA202FD594}
	EndGlobalSection
EndGlobal
